// !$*UTF8*$!
{
	archiveVersion = 1;
	classes = {
	};
	objectVersion = 55;
	objects = {

/* Begin PBXBuildFile section */
		840EC9E2282BEBB700EA7B6A /* RestartAppApp.swift in Sources */ = {isa = PBXBuildFile; fileRef = 840EC9E1282BEBB700EA7B6A /* RestartAppApp.swift */; };
		840EC9E4282BEBB700EA7B6A /* ContentView.swift in Sources */ = {isa = PBXBuildFile; fileRef = 840EC9E3282BEBB700EA7B6A /* ContentView.swift */; };
		840EC9E6282BEBBA00EA7B6A /* Assets.xcassets in Resources */ = {isa = PBXBuildFile; fileRef = 840EC9E5282BEBBA00EA7B6A /* Assets.xcassets */; };
		840EC9E9282BEBBA00EA7B6A /* Preview Assets.xcassets in Resources */ = {isa = PBXBuildFile; fileRef = 840EC9E8282BEBBA00EA7B6A /* Preview Assets.xcassets */; };
		840EC9F3282BEBBB00EA7B6A /* RestartAppTests.swift in Sources */ = {isa = PBXBuildFile; fileRef = 840EC9F2282BEBBB00EA7B6A /* RestartAppTests.swift */; };
		840EC9FD282BEBBB00EA7B6A /* RestartAppUITests.swift in Sources */ = {isa = PBXBuildFile; fileRef = 840EC9FC282BEBBB00EA7B6A /* RestartAppUITests.swift */; };
		840EC9FF282BEBBB00EA7B6A /* RestartAppUITestsLaunchTests.swift in Sources */ = {isa = PBXBuildFile; fileRef = 840EC9FE282BEBBB00EA7B6A /* RestartAppUITestsLaunchTests.swift */; };
		840ECA0D282BEC7C00EA7B6A /* chimeup.mp3 in Resources */ = {isa = PBXBuildFile; fileRef = 840ECA0B282BEC7B00EA7B6A /* chimeup.mp3 */; };
		840ECA0E282BEC7C00EA7B6A /* success.m4a in Resources */ = {isa = PBXBuildFile; fileRef = 840ECA0C282BEC7B00EA7B6A /* success.m4a */; };
		840ECA15282BEFB900EA7B6A /* OnboardingView.swift in Sources */ = {isa = PBXBuildFile; fileRef = 840ECA14282BEFB900EA7B6A /* OnboardingView.swift */; };
		840ECA17282BEFC200EA7B6A /* HomeView.swift in Sources */ = {isa = PBXBuildFile; fileRef = 840ECA16282BEFC200EA7B6A /* HomeView.swift */; };
		840ECA19282C341B00EA7B6A /* CircleGroupView.swift in Sources */ = {isa = PBXBuildFile; fileRef = 840ECA18282C341B00EA7B6A /* CircleGroupView.swift */; };
		8423F4A4282D2B0D0056E5E6 /* AudioPlayer.swift in Sources */ = {isa = PBXBuildFile; fileRef = 8423F4A3282D2B0D0056E5E6 /* AudioPlayer.swift */; };
/* End PBXBuildFile section */

/* Begin PBXContainerItemProxy section */
		840EC9EF282BEBBB00EA7B6A /* PBXContainerItemProxy */ = {
			isa = PBXContainerItemProxy;
			containerPortal = 840EC9D6282BEBB700EA7B6A /* Project object */;
			proxyType = 1;
			remoteGlobalIDString = 840EC9DD282BEBB700EA7B6A;
			remoteInfo = RestartApp;
		};
		840EC9F9282BEBBB00EA7B6A /* PBXContainerItemProxy */ = {
			isa = PBXContainerItemProxy;
			containerPortal = 840EC9D6282BEBB700EA7B6A /* Project object */;
			proxyType = 1;
			remoteGlobalIDString = 840EC9DD282BEBB700EA7B6A;
			remoteInfo = RestartApp;
		};
/* End PBXContainerItemProxy section */

/* Begin PBXFileReference section */
		840EC9DE282BEBB700EA7B6A /* RestartApp.app */ = {isa = PBXFileReference; explicitFileType = wrapper.application; includeInIndex = 0; path = RestartApp.app; sourceTree = BUILT_PRODUCTS_DIR; };
		840EC9E1282BEBB700EA7B6A /* RestartAppApp.swift */ = {isa = PBXFileReference; lastKnownFileType = sourcecode.swift; path = RestartAppApp.swift; sourceTree = "<group>"; };
		840EC9E3282BEBB700EA7B6A /* ContentView.swift */ = {isa = PBXFileReference; lastKnownFileType = sourcecode.swift; path = ContentView.swift; sourceTree = "<group>"; };
		840EC9E5282BEBBA00EA7B6A /* Assets.xcassets */ = {isa = PBXFileReference; lastKnownFileType = folder.assetcatalog; path = Assets.xcassets; sourceTree = "<group>"; };
		840EC9E8282BEBBA00EA7B6A /* Preview Assets.xcassets */ = {isa = PBXFileReference; lastKnownFileType = folder.assetcatalog; path = "Preview Assets.xcassets"; sourceTree = "<group>"; };
		840EC9EE282BEBBB00EA7B6A /* RestartAppTests.xctest */ = {isa = PBXFileReference; explicitFileType = wrapper.cfbundle; includeInIndex = 0; path = RestartAppTests.xctest; sourceTree = BUILT_PRODUCTS_DIR; };
		840EC9F2282BEBBB00EA7B6A /* RestartAppTests.swift */ = {isa = PBXFileReference; lastKnownFileType = sourcecode.swift; path = RestartAppTests.swift; sourceTree = "<group>"; };
		840EC9F8282BEBBB00EA7B6A /* RestartAppUITests.xctest */ = {isa = PBXFileReference; explicitFileType = wrapper.cfbundle; includeInIndex = 0; path = RestartAppUITests.xctest; sourceTree = BUILT_PRODUCTS_DIR; };
		840EC9FC282BEBBB00EA7B6A /* RestartAppUITests.swift */ = {isa = PBXFileReference; lastKnownFileType = sourcecode.swift; path = RestartAppUITests.swift; sourceTree = "<group>"; };
		840EC9FE282BEBBB00EA7B6A /* RestartAppUITestsLaunchTests.swift */ = {isa = PBXFileReference; lastKnownFileType = sourcecode.swift; path = RestartAppUITestsLaunchTests.swift; sourceTree = "<group>"; };
		840ECA0B282BEC7B00EA7B6A /* chimeup.mp3 */ = {isa = PBXFileReference; lastKnownFileType = audio.mp3; path = chimeup.mp3; sourceTree = "<group>"; };
		840ECA0C282BEC7B00EA7B6A /* success.m4a */ = {isa = PBXFileReference; lastKnownFileType = file; path = success.m4a; sourceTree = "<group>"; };
		840ECA13282BEF1600EA7B6A /* Info.plist */ = {isa = PBXFileReference; lastKnownFileType = text.plist; path = Info.plist; sourceTree = "<group>"; };
		840ECA14282BEFB900EA7B6A /* OnboardingView.swift */ = {isa = PBXFileReference; lastKnownFileType = sourcecode.swift; path = OnboardingView.swift; sourceTree = "<group>"; };
		840ECA16282BEFC200EA7B6A /* HomeView.swift */ = {isa = PBXFileReference; lastKnownFileType = sourcecode.swift; path = HomeView.swift; sourceTree = "<group>"; };
		840ECA18282C341B00EA7B6A /* CircleGroupView.swift */ = {isa = PBXFileReference; lastKnownFileType = sourcecode.swift; path = CircleGroupView.swift; sourceTree = "<group>"; };
		8423F4A3282D2B0D0056E5E6 /* AudioPlayer.swift */ = {isa = PBXFileReference; lastKnownFileType = sourcecode.swift; path = AudioPlayer.swift; sourceTree = "<group>"; };
/* End PBXFileReference section */

/* Begin PBXFrameworksBuildPhase section */
		840EC9DB282BEBB700EA7B6A /* Frameworks */ = {
			isa = PBXFrameworksBuildPhase;
			buildActionMask = 2147483647;
			files = (
			);
			runOnlyForDeploymentPostprocessing = 0;
		};
		840EC9EB282BEBBB00EA7B6A /* Frameworks */ = {
			isa = PBXFrameworksBuildPhase;
			buildActionMask = 2147483647;
			files = (
			);
			runOnlyForDeploymentPostprocessing = 0;
		};
		840EC9F5282BEBBB00EA7B6A /* Frameworks */ = {
			isa = PBXFrameworksBuildPhase;
			buildActionMask = 2147483647;
			files = (
			);
			runOnlyForDeploymentPostprocessing = 0;
		};
/* End PBXFrameworksBuildPhase section */

/* Begin PBXGroup section */
		840EC9D5282BEBB700EA7B6A = {
			isa = PBXGroup;
			children = (
				840EC9E0282BEBB700EA7B6A /* RestartApp */,
				840EC9F1282BEBBB00EA7B6A /* RestartAppTests */,
				840EC9FB282BEBBB00EA7B6A /* RestartAppUITests */,
				840EC9DF282BEBB700EA7B6A /* Products */,
			);
			sourceTree = "<group>";
		};
		840EC9DF282BEBB700EA7B6A /* Products */ = {
			isa = PBXGroup;
			children = (
				840EC9DE282BEBB700EA7B6A /* RestartApp.app */,
				840EC9EE282BEBBB00EA7B6A /* RestartAppTests.xctest */,
				840EC9F8282BEBBB00EA7B6A /* RestartAppUITests.xctest */,
			);
			name = Products;
			sourceTree = "<group>";
		};
		840EC9E0282BEBB700EA7B6A /* RestartApp */ = {
			isa = PBXGroup;
			children = (
				840ECA13282BEF1600EA7B6A /* Info.plist */,
				840ECA12282BEDA200EA7B6A /* Utilities */,
				840ECA11282BED8E00EA7B6A /* Views */,
				840ECA0F282BEC8700EA7B6A /* Sounds */,
				840EC9E1282BEBB700EA7B6A /* RestartAppApp.swift */,
				840ECA10282BED8000EA7B6A /* Screens */,
				840EC9E5282BEBBA00EA7B6A /* Assets.xcassets */,
				840EC9E7282BEBBA00EA7B6A /* Preview Content */,
			);
			path = RestartApp;
			sourceTree = "<group>";
		};
		840EC9E7282BEBBA00EA7B6A /* Preview Content */ = {
			isa = PBXGroup;
			children = (
				840EC9E8282BEBBA00EA7B6A /* Preview Assets.xcassets */,
			);
			path = "Preview Content";
			sourceTree = "<group>";
		};
		840EC9F1282BEBBB00EA7B6A /* RestartAppTests */ = {
			isa = PBXGroup;
			children = (
				840EC9F2282BEBBB00EA7B6A /* RestartAppTests.swift */,
			);
			path = RestartAppTests;
			sourceTree = "<group>";
		};
		840EC9FB282BEBBB00EA7B6A /* RestartAppUITests */ = {
			isa = PBXGroup;
			children = (
				840EC9FC282BEBBB00EA7B6A /* RestartAppUITests.swift */,
				840EC9FE282BEBBB00EA7B6A /* RestartAppUITestsLaunchTests.swift */,
			);
			path = RestartAppUITests;
			sourceTree = "<group>";
		};
		840ECA0F282BEC8700EA7B6A /* Sounds */ = {
			isa = PBXGroup;
			children = (
				840ECA0B282BEC7B00EA7B6A /* chimeup.mp3 */,
				840ECA0C282BEC7B00EA7B6A /* success.m4a */,
			);
			path = Sounds;
			sourceTree = "<group>";
		};
		840ECA10282BED8000EA7B6A /* Screens */ = {
			isa = PBXGroup;
			children = (
				840EC9E3282BEBB700EA7B6A /* ContentView.swift */,
				840ECA14282BEFB900EA7B6A /* OnboardingView.swift */,
				840ECA16282BEFC200EA7B6A /* HomeView.swift */,
			);
			path = Screens;
			sourceTree = "<group>";
		};
		840ECA11282BED8E00EA7B6A /* Views */ = {
			isa = PBXGroup;
			children = (
				840ECA18282C341B00EA7B6A /* CircleGroupView.swift */,
			);
			path = Views;
			sourceTree = "<group>";
		};
		840ECA12282BEDA200EA7B6A /* Utilities */ = {
			isa = PBXGroup;
			children = (
				8423F4A3282D2B0D0056E5E6 /* AudioPlayer.swift */,
			);
			path = Utilities;
			sourceTree = "<group>";
		};
/* End PBXGroup section */

/* Begin PBXNativeTarget section */
		840EC9DD282BEBB700EA7B6A /* RestartApp */ = {
			isa = PBXNativeTarget;
			buildConfigurationList = 840ECA02282BEBBB00EA7B6A /* Build configuration list for PBXNativeTarget "RestartApp" */;
			buildPhases = (
				840EC9DA282BEBB700EA7B6A /* Sources */,
				840EC9DB282BEBB700EA7B6A /* Frameworks */,
				840EC9DC282BEBB700EA7B6A /* Resources */,
			);
			buildRules = (
			);
			dependencies = (
			);
			name = RestartApp;
			productName = RestartApp;
			productReference = 840EC9DE282BEBB700EA7B6A /* RestartApp.app */;
			productType = "com.apple.product-type.application";
		};
		840EC9ED282BEBBB00EA7B6A /* RestartAppTests */ = {
			isa = PBXNativeTarget;
			buildConfigurationList = 840ECA05282BEBBB00EA7B6A /* Build configuration list for PBXNativeTarget "RestartAppTests" */;
			buildPhases = (
				840EC9EA282BEBBB00EA7B6A /* Sources */,
				840EC9EB282BEBBB00EA7B6A /* Frameworks */,
				840EC9EC282BEBBB00EA7B6A /* Resources */,
			);
			buildRules = (
			);
			dependencies = (
				840EC9F0282BEBBB00EA7B6A /* PBXTargetDependency */,
			);
			name = RestartAppTests;
			productName = RestartAppTests;
			productReference = 840EC9EE282BEBBB00EA7B6A /* RestartAppTests.xctest */;
			productType = "com.apple.product-type.bundle.unit-test";
		};
		840EC9F7282BEBBB00EA7B6A /* RestartAppUITests */ = {
			isa = PBXNativeTarget;
			buildConfigurationList = 840ECA08282BEBBB00EA7B6A /* Build configuration list for PBXNativeTarget "RestartAppUITests" */;
			buildPhases = (
				840EC9F4282BEBBB00EA7B6A /* Sources */,
				840EC9F5282BEBBB00EA7B6A /* Frameworks */,
				840EC9F6282BEBBB00EA7B6A /* Resources */,
			);
			buildRules = (
			);
			dependencies = (
				840EC9FA282BEBBB00EA7B6A /* PBXTargetDependency */,
			);
			name = RestartAppUITests;
			productName = RestartAppUITests;
			productReference = 840EC9F8282BEBBB00EA7B6A /* RestartAppUITests.xctest */;
			productType = "com.apple.product-type.bundle.ui-testing";
		};
/* End PBXNativeTarget section */

/* Begin PBXProject section */
		840EC9D6282BEBB700EA7B6A /* Project object */ = {
			isa = PBXProject;
			attributes = {
				BuildIndependentTargetsInParallel = 1;
				LastSwiftUpdateCheck = 1330;
				LastUpgradeCheck = 1330;
				TargetAttributes = {
					840EC9DD282BEBB700EA7B6A = {
						CreatedOnToolsVersion = 13.3;
					};
					840EC9ED282BEBBB00EA7B6A = {
						CreatedOnToolsVersion = 13.3;
						TestTargetID = 840EC9DD282BEBB700EA7B6A;
					};
					840EC9F7282BEBBB00EA7B6A = {
						CreatedOnToolsVersion = 13.3;
						TestTargetID = 840EC9DD282BEBB700EA7B6A;
					};
				};
			};
			buildConfigurationList = 840EC9D9282BEBB700EA7B6A /* Build configuration list for PBXProject "RestartApp" */;
			compatibilityVersion = "Xcode 13.0";
			developmentRegion = en;
			hasScannedForEncodings = 0;
			knownRegions = (
				en,
				Base,
			);
			mainGroup = 840EC9D5282BEBB700EA7B6A;
			productRefGroup = 840EC9DF282BEBB700EA7B6A /* Products */;
			projectDirPath = "";
			projectRoot = "";
			targets = (
				840EC9DD282BEBB700EA7B6A /* RestartApp */,
				840EC9ED282BEBBB00EA7B6A /* RestartAppTests */,
				840EC9F7282BEBBB00EA7B6A /* RestartAppUITests */,
			);
		};
/* End PBXProject section */

/* Begin PBXResourcesBuildPhase section */
		840EC9DC282BEBB700EA7B6A /* Resources */ = {
			isa = PBXResourcesBuildPhase;
			buildActionMask = 2147483647;
			files = (
				840ECA0E282BEC7C00EA7B6A /* success.m4a in Resources */,
				840ECA0D282BEC7C00EA7B6A /* chimeup.mp3 in Resources */,
				840EC9E9282BEBBA00EA7B6A /* Preview Assets.xcassets in Resources */,
				840EC9E6282BEBBA00EA7B6A /* Assets.xcassets in Resources */,
			);
			runOnlyForDeploymentPostprocessing = 0;
		};
		840EC9EC282BEBBB00EA7B6A /* Resources */ = {
			isa = PBXResourcesBuildPhase;
			buildActionMask = 2147483647;
			files = (
			);
			runOnlyForDeploymentPostprocessing = 0;
		};
		840EC9F6282BEBBB00EA7B6A /* Resources */ = {
			isa = PBXResourcesBuildPhase;
			buildActionMask = 2147483647;
			files = (
			);
			runOnlyForDeploymentPostprocessing = 0;
		};
/* End PBXResourcesBuildPhase section */

/* Begin PBXSourcesBuildPhase section */
		840EC9DA282BEBB700EA7B6A /* Sources */ = {
			isa = PBXSourcesBuildPhase;
			buildActionMask = 2147483647;
			files = (
				840ECA19282C341B00EA7B6A /* CircleGroupView.swift in Sources */,
				840ECA15282BEFB900EA7B6A /* OnboardingView.swift in Sources */,
				840ECA17282BEFC200EA7B6A /* HomeView.swift in Sources */,
				840EC9E4282BEBB700EA7B6A /* ContentView.swift in Sources */,
				840EC9E2282BEBB700EA7B6A /* RestartAppApp.swift in Sources */,
				8423F4A4282D2B0D0056E5E6 /* AudioPlayer.swift in Sources */,
			);
			runOnlyForDeploymentPostprocessing = 0;
		};
		840EC9EA282BEBBB00EA7B6A /* Sources */ = {
			isa = PBXSourcesBuildPhase;
			buildActionMask = 2147483647;
			files = (
				840EC9F3282BEBBB00EA7B6A /* RestartAppTests.swift in Sources */,
			);
			runOnlyForDeploymentPostprocessing = 0;
		};
		840EC9F4282BEBBB00EA7B6A /* Sources */ = {
			isa = PBXSourcesBuildPhase;
			buildActionMask = 2147483647;
			files = (
				840EC9FF282BEBBB00EA7B6A /* RestartAppUITestsLaunchTests.swift in Sources */,
				840EC9FD282BEBBB00EA7B6A /* RestartAppUITests.swift in Sources */,
			);
			runOnlyForDeploymentPostprocessing = 0;
		};
/* End PBXSourcesBuildPhase section */

/* Begin PBXTargetDependency section */
		840EC9F0282BEBBB00EA7B6A /* PBXTargetDependency */ = {
			isa = PBXTargetDependency;
			target = 840EC9DD282BEBB700EA7B6A /* RestartApp */;
			targetProxy = 840EC9EF282BEBBB00EA7B6A /* PBXContainerItemProxy */;
		};
		840EC9FA282BEBBB00EA7B6A /* PBXTargetDependency */ = {
			isa = PBXTargetDependency;
			target = 840EC9DD282BEBB700EA7B6A /* RestartApp */;
			targetProxy = 840EC9F9282BEBBB00EA7B6A /* PBXContainerItemProxy */;
		};
/* End PBXTargetDependency section */

/* Begin XCBuildConfiguration section */
		840ECA00282BEBBB00EA7B6A /* Debug */ = {
			isa = XCBuildConfiguration;
			buildSettings = {
				ALWAYS_SEARCH_USER_PATHS = NO;
				CLANG_ANALYZER_NONNULL = YES;
				CLANG_ANALYZER_NUMBER_OBJECT_CONVERSION = YES_AGGRESSIVE;
				CLANG_CXX_LANGUAGE_STANDARD = "gnu++17";
				CLANG_ENABLE_MODULES = YES;
				CLANG_ENABLE_OBJC_ARC = YES;
				CLANG_ENABLE_OBJC_WEAK = YES;
				CLANG_WARN_BLOCK_CAPTURE_AUTORELEASING = YES;
				CLANG_WARN_BOOL_CONVERSION = YES;
				CLANG_WARN_COMMA = YES;
				CLANG_WARN_CONSTANT_CONVERSION = YES;
				CLANG_WARN_DEPRECATED_OBJC_IMPLEMENTATIONS = YES;
				CLANG_WARN_DIRECT_OBJC_ISA_USAGE = YES_ERROR;
				CLANG_WARN_DOCUMENTATION_COMMENTS = YES;
				CLANG_WARN_EMPTY_BODY = YES;
				CLANG_WARN_ENUM_CONVERSION = YES;
				CLANG_WARN_INFINITE_RECURSION = YES;
				CLANG_WARN_INT_CONVERSION = YES;
				CLANG_WARN_NON_LITERAL_NULL_CONVERSION = YES;
				CLANG_WARN_OBJC_IMPLICIT_RETAIN_SELF = YES;
				CLANG_WARN_OBJC_LITERAL_CONVERSION = YES;
				CLANG_WARN_OBJC_ROOT_CLASS = YES_ERROR;
				CLANG_WARN_QUOTED_INCLUDE_IN_FRAMEWORK_HEADER = YES;
				CLANG_WARN_RANGE_LOOP_ANALYSIS = YES;
				CLANG_WARN_STRICT_PROTOTYPES = YES;
				CLANG_WARN_SUSPICIOUS_MOVE = YES;
				CLANG_WARN_UNGUARDED_AVAILABILITY = YES_AGGRESSIVE;
				CLANG_WARN_UNREACHABLE_CODE = YES;
				CLANG_WARN__DUPLICATE_METHOD_MATCH = YES;
				COPY_PHASE_STRIP = NO;
				DEBUG_INFORMATION_FORMAT = dwarf;
				ENABLE_STRICT_OBJC_MSGSEND = YES;
				ENABLE_TESTABILITY = YES;
				GCC_C_LANGUAGE_STANDARD = gnu11;
				GCC_DYNAMIC_NO_PIC = NO;
				GCC_NO_COMMON_BLOCKS = YES;
				GCC_OPTIMIZATION_LEVEL = 0;
				GCC_PREPROCESSOR_DEFINITIONS = (
					"DEBUG=1",
					"$(inherited)",
				);
				GCC_WARN_64_TO_32_BIT_CONVERSION = YES;
				GCC_WARN_ABOUT_RETURN_TYPE = YES_ERROR;
				GCC_WARN_UNDECLARED_SELECTOR = YES;
				GCC_WARN_UNINITIALIZED_AUTOS = YES_AGGRESSIVE;
				GCC_WARN_UNUSED_FUNCTION = YES;
				GCC_WARN_UNUSED_VARIABLE = YES;
				IPHONEOS_DEPLOYMENT_TARGET = 15.0;
				MTL_ENABLE_DEBUG_INFO = INCLUDE_SOURCE;
				MTL_FAST_MATH = YES;
				ONLY_ACTIVE_ARCH = YES;
				SDKROOT = iphoneos;
				SWIFT_ACTIVE_COMPILATION_CONDITIONS = DEBUG;
				SWIFT_OPTIMIZATION_LEVEL = "-Onone";
			};
			name = Debug;
		};
		840ECA01282BEBBB00EA7B6A /* Release */ = {
			isa = XCBuildConfiguration;
			buildSettings = {
				ALWAYS_SEARCH_USER_PATHS = NO;
				CLANG_ANALYZER_NONNULL = YES;
				CLANG_ANALYZER_NUMBER_OBJECT_CONVERSION = YES_AGGRESSIVE;
				CLANG_CXX_LANGUAGE_STANDARD = "gnu++17";
				CLANG_ENABLE_MODULES = YES;
				CLANG_ENABLE_OBJC_ARC = YES;
				CLANG_ENABLE_OBJC_WEAK = YES;
				CLANG_WARN_BLOCK_CAPTURE_AUTORELEASING = YES;
				CLANG_WARN_BOOL_CONVERSION = YES;
				CLANG_WARN_COMMA = YES;
				CLANG_WARN_CONSTANT_CONVERSION = YES;
				CLANG_WARN_DEPRECATED_OBJC_IMPLEMENTATIONS = YES;
				CLANG_WARN_DIRECT_OBJC_ISA_USAGE = YES_ERROR;
				CLANG_WARN_DOCUMENTATION_COMMENTS = YES;
				CLANG_WARN_EMPTY_BODY = YES;
				CLANG_WARN_ENUM_CONVERSION = YES;
				CLANG_WARN_INFINITE_RECURSION = YES;
				CLANG_WARN_INT_CONVERSION = YES;
				CLANG_WARN_NON_LITERAL_NULL_CONVERSION = YES;
				CLANG_WARN_OBJC_IMPLICIT_RETAIN_SELF = YES;
				CLANG_WARN_OBJC_LITERAL_CONVERSION = YES;
				CLANG_WARN_OBJC_ROOT_CLASS = YES_ERROR;
				CLANG_WARN_QUOTED_INCLUDE_IN_FRAMEWORK_HEADER = YES;
				CLANG_WARN_RANGE_LOOP_ANALYSIS = YES;
				CLANG_WARN_STRICT_PROTOTYPES = YES;
				CLANG_WARN_SUSPICIOUS_MOVE = YES;
				CLANG_WARN_UNGUARDED_AVAILABILITY = YES_AGGRESSIVE;
				CLANG_WARN_UNREACHABLE_CODE = YES;
				CLANG_WARN__DUPLICATE_METHOD_MATCH = YES;
				COPY_PHASE_STRIP = NO;
				DEBUG_INFORMATION_FORMAT = "dwarf-with-dsym";
				ENABLE_NS_ASSERTIONS = NO;
				ENABLE_STRICT_OBJC_MSGSEND = YES;
				GCC_C_LANGUAGE_STANDARD = gnu11;
				GCC_NO_COMMON_BLOCKS = YES;
				GCC_WARN_64_TO_32_BIT_CONVERSION = YES;
				GCC_WARN_ABOUT_RETURN_TYPE = YES_ERROR;
				GCC_WARN_UNDECLARED_SELECTOR = YES;
				GCC_WARN_UNINITIALIZED_AUTOS = YES_AGGRESSIVE;
				GCC_WARN_UNUSED_FUNCTION = YES;
				GCC_WARN_UNUSED_VARIABLE = YES;
				IPHONEOS_DEPLOYMENT_TARGET = 15.0;
				MTL_ENABLE_DEBUG_INFO = NO;
				MTL_FAST_MATH = YES;
				SDKROOT = iphoneos;
				SWIFT_COMPILATION_MODE = wholemodule;
				SWIFT_OPTIMIZATION_LEVEL = "-O";
				VALIDATE_PRODUCT = YES;
			};
			name = Release;
		};
		840ECA03282BEBBB00EA7B6A /* Debug */ = {
			isa = XCBuildConfiguration;
			buildSettings = {
				ASSETCATALOG_COMPILER_APPICON_NAME = AppIcon;
				ASSETCATALOG_COMPILER_GLOBAL_ACCENT_COLOR_NAME = AccentColor;
				CODE_SIGN_STYLE = Automatic;
				CURRENT_PROJECT_VERSION = 1;
				DEVELOPMENT_ASSET_PATHS = "\"RestartApp/Preview Content\"";
				ENABLE_PREVIEWS = YES;
				GENERATE_INFOPLIST_FILE = YES;
				INFOPLIST_FILE = RestartApp/Info.plist;
				INFOPLIST_KEY_UIApplicationSceneManifest_Generation = YES;
				INFOPLIST_KEY_UIApplicationSupportsIndirectInputEvents = YES;
				INFOPLIST_KEY_UISupportedInterfaceOrientations = UIInterfaceOrientationPortrait;
				INFOPLIST_KEY_UISupportedInterfaceOrientations_iPad = "UIInterfaceOrientationPortrait UIInterfaceOrientationPortraitUpsideDown UIInterfaceOrientationLandscapeLeft UIInterfaceOrientationLandscapeRight";
				INFOPLIST_KEY_UISupportedInterfaceOrientations_iPhone = UIInterfaceOrientationPortrait;
				LD_RUNPATH_SEARCH_PATHS = (
					"$(inherited)",
					"@executable_path/Frameworks",
				);
				MARKETING_VERSION = 1.0;
				PRODUCT_BUNDLE_IDENTIFIER = com.pp.RestartApp;
				PRODUCT_NAME = "$(TARGET_NAME)";
				SWIFT_EMIT_LOC_STRINGS = YES;
				SWIFT_VERSION = 5.0;
				TARGETED_DEVICE_FAMILY = "1,2";
			};
			name = Debug;
		};
		840ECA04282BEBBB00EA7B6A /* Release */ = {
			isa = XCBuildConfiguration;
			buildSettings = {
				ASSETCATALOG_COMPILER_APPICON_NAME = AppIcon;
				ASSETCATALOG_COMPILER_GLOBAL_ACCENT_COLOR_NAME = AccentColor;
				CODE_SIGN_STYLE = Automatic;
				CURRENT_PROJECT_VERSION = 1;
				DEVELOPMENT_ASSET_PATHS = "\"RestartApp/Preview Content\"";
				ENABLE_PREVIEWS = YES;
				GENERATE_INFOPLIST_FILE = YES;
				INFOPLIST_FILE = RestartApp/Info.plist;
				INFOPLIST_KEY_UIApplicationSceneManifest_Generation = YES;
				INFOPLIST_KEY_UIApplicationSupportsIndirectInputEvents = YES;
				INFOPLIST_KEY_UISupportedInterfaceOrientations = UIInterfaceOrientationPortrait;
				INFOPLIST_KEY_UISupportedInterfaceOrientations_iPad = "UIInterfaceOrientationPortrait UIInterfaceOrientationPortraitUpsideDown UIInterfaceOrientationLandscapeLeft UIInterfaceOrientationLandscapeRight";
				INFOPLIST_KEY_UISupportedInterfaceOrientations_iPhone = UIInterfaceOrientationPortrait;
				LD_RUNPATH_SEARCH_PATHS = (
					"$(inherited)",
					"@executable_path/Frameworks",
				);
				MARKETING_VERSION = 1.0;
				PRODUCT_BUNDLE_IDENTIFIER = com.pp.RestartApp;
				PRODUCT_NAME = "$(TARGET_NAME)";
				SWIFT_EMIT_LOC_STRINGS = YES;
				SWIFT_VERSION = 5.0;
				TARGETED_DEVICE_FAMILY = "1,2";
			};
			name = Release;
		};
		840ECA06282BEBBB00EA7B6A /* Debug */ = {
			isa = XCBuildConfiguration;
			buildSettings = {
				ALWAYS_EMBED_SWIFT_STANDARD_LIBRARIES = YES;
				BUNDLE_LOADER = "$(TEST_HOST)";
				CODE_SIGN_STYLE = Automatic;
				CURRENT_PROJECT_VERSION = 1;
				GENERATE_INFOPLIST_FILE = YES;
				IPHONEOS_DEPLOYMENT_TARGET = 15.4;
				MARKETING_VERSION = 1.0;
				PRODUCT_BUNDLE_IDENTIFIER = com.pp.RestartAppTests;
				PRODUCT_NAME = "$(TARGET_NAME)";
				SWIFT_EMIT_LOC_STRINGS = NO;
				SWIFT_VERSION = 5.0;
				TARGETED_DEVICE_FAMILY = "1,2";
				TEST_HOST = "$(BUILT_PRODUCTS_DIR)/RestartApp.app/RestartApp";
			};
			name = Debug;
		};
		840ECA07282BEBBB00EA7B6A /* Release */ = {
			isa = XCBuildConfiguration;
			buildSettings = {
				ALWAYS_EMBED_SWIFT_STANDARD_LIBRARIES = YES;
				BUNDLE_LOADER = "$(TEST_HOST)";
				CODE_SIGN_STYLE = Automatic;
				CURRENT_PROJECT_VERSION = 1;
				GENERATE_INFOPLIST_FILE = YES;
				IPHONEOS_DEPLOYMENT_TARGET = 15.4;
				MARKETING_VERSION = 1.0;
				PRODUCT_BUNDLE_IDENTIFIER = com.pp.RestartAppTests;
				PRODUCT_NAME = "$(TARGET_NAME)";
				SWIFT_EMIT_LOC_STRINGS = NO;
				SWIFT_VERSION = 5.0;
				TARGETED_DEVICE_FAMILY = "1,2";
				TEST_HOST = "$(BUILT_PRODUCTS_DIR)/RestartApp.app/RestartApp";
			};
			name = Release;
		};
		840ECA09282BEBBB00EA7B6A /* Debug */ = {
			isa = XCBuildConfiguration;
			buildSettings = {
				ALWAYS_EMBED_SWIFT_STANDARD_LIBRARIES = YES;
				CODE_SIGN_STYLE = Automatic;
				CURRENT_PROJECT_VERSION = 1;
				GENERATE_INFOPLIST_FILE = YES;
				MARKETING_VERSION = 1.0;
				PRODUCT_BUNDLE_IDENTIFIER = com.pp.RestartAppUITests;
				PRODUCT_NAME = "$(TARGET_NAME)";
				SWIFT_EMIT_LOC_STRINGS = NO;
				SWIFT_VERSION = 5.0;
				TARGETED_DEVICE_FAMILY = "1,2";
				TEST_TARGET_NAME = RestartApp;
			};
			name = Debug;
		};
		840ECA0A282BEBBB00EA7B6A /* Release */ = {
			isa = XCBuildConfiguration;
			buildSettings = {
				ALWAYS_EMBED_SWIFT_STANDARD_LIBRARIES = YES;
				CODE_SIGN_STYLE = Automatic;
				CURRENT_PROJECT_VERSION = 1;
				GENERATE_INFOPLIST_FILE = YES;
				MARKETING_VERSION = 1.0;
				PRODUCT_BUNDLE_IDENTIFIER = com.pp.RestartAppUITests;
				PRODUCT_NAME = "$(TARGET_NAME)";
				SWIFT_EMIT_LOC_STRINGS = NO;
				SWIFT_VERSION = 5.0;
				TARGETED_DEVICE_FAMILY = "1,2";
				TEST_TARGET_NAME = RestartApp;
			};
			name = Release;
		};
/* End XCBuildConfiguration section */

/* Begin XCConfigurationList section */
		840EC9D9282BEBB700EA7B6A /* Build configuration list for PBXProject "RestartApp" */ = {
			isa = XCConfigurationList;
			buildConfigurations = (
				840ECA00282BEBBB00EA7B6A /* Debug */,
				840ECA01282BEBBB00EA7B6A /* Release */,
			);
			defaultConfigurationIsVisible = 0;
			defaultConfigurationName = Release;
		};
		840ECA02282BEBBB00EA7B6A /* Build configuration list for PBXNativeTarget "RestartApp" */ = {
			isa = XCConfigurationList;
			buildConfigurations = (
				840ECA03282BEBBB00EA7B6A /* Debug */,
				840ECA04282BEBBB00EA7B6A /* Release */,
			);
			defaultConfigurationIsVisible = 0;
			defaultConfigurationName = Release;
		};
		840ECA05282BEBBB00EA7B6A /* Build configuration list for PBXNativeTarget "RestartAppTests" */ = {
			isa = XCConfigurationList;
			buildConfigurations = (
				840ECA06282BEBBB00EA7B6A /* Debug */,
				840ECA07282BEBBB00EA7B6A /* Release */,
			);
			defaultConfigurationIsVisible = 0;
			defaultConfigurationName = Release;
		};
		840ECA08282BEBBB00EA7B6A /* Build configuration list for PBXNativeTarget "RestartAppUITests" */ = {
			isa = XCConfigurationList;
			buildConfigurations = (
				840ECA09282BEBBB00EA7B6A /* Debug */,
				840ECA0A282BEBBB00EA7B6A /* Release */,
			);
			defaultConfigurationIsVisible = 0;
			defaultConfigurationName = Release;
		};
/* End XCConfigurationList section */
	};
	rootObject = 840EC9D6282BEBB700EA7B6A /* Project object */;
}
